
Microsoft Visual Studio Solution File, Format Version 12.00
# Visual Studio Version 17
VisualStudioVersion = 17.9.34728.123
MinimumVisualStudioVersion = 10.0.40219.1
Project("{9A19103F-16F7-4668-BE54-9A1E7A4F7556}") = "BAYSOFT.Abstractions", "src\BAYSOFT.Abstractions\BAYSOFT.Abstractions.csproj", "{CA7ED451-4E31-4912-97F8-4A54723685C0}"
EndProject
Project("{9A19103F-16F7-4668-BE54-9A1E7A4F7556}") = "N.EntityFrameworkCore.Extensions", "src\N.EntityFrameworkCore.Extensions\N.EntityFrameworkCore.Extensions.csproj", "{C5E373E8-8279-4D81-AF22-DA4105E3AFB3}"
EndProject
Project("{9A19103F-16F7-4668-BE54-9A1E7A4F7556}") = "N.EntityFrameworkCore.Extensions.Test", "src\N.EntityFrameworkCore.Extensions.Test\N.EntityFrameworkCore.Extensions.Test.csproj", "{8C48EFD9-A6F0-4175-9B46-C33BE4AB1EBA}"
EndProject
Global
	GlobalSection(SolutionConfigurationPlatforms) = preSolution
		Debug|Any CPU = Debug|Any CPU
		Release|Any CPU = Release|Any CPU
	EndGlobalSection
	GlobalSection(ProjectConfigurationPlatforms) = postSolution
		{CA7ED451-4E31-4912-97F8-4A54723685C0}.Debug|Any CPU.ActiveCfg = Debug|Any CPU
		{CA7ED451-4E31-4912-97F8-4A54723685C0}.Debug|Any CPU.Build.0 = Debug|Any CPU
		{CA7ED451-4E31-4912-97F8-4A54723685C0}.Release|Any CPU.ActiveCfg = Release|Any CPU
		{CA7ED451-4E31-4912-97F8-4A54723685C0}.Release|Any CPU.Build.0 = Release|Any CPU
		{C5E373E8-8279-4D81-AF22-DA4105E3AFB3}.Debug|Any CPU.ActiveCfg = Debug|Any CPU
		{C5E373E8-8279-4D81-AF22-DA4105E3AFB3}.Debug|Any CPU.Build.0 = Debug|Any CPU
		{C5E373E8-8279-4D81-AF22-DA4105E3AFB3}.Release|Any CPU.ActiveCfg = Release|Any CPU
		{C5E373E8-8279-4D81-AF22-DA4105E3AFB3}.Release|Any CPU.Build.0 = Release|Any CPU
		{8C48EFD9-A6F0-4175-9B46-C33BE4AB1EBA}.Debug|Any CPU.ActiveCfg = Debug|Any CPU
		{8C48EFD9-A6F0-4175-9B46-C33BE4AB1EBA}.Debug|Any CPU.Build.0 = Debug|Any CPU
		{8C48EFD9-A6F0-4175-9B46-C33BE4AB1EBA}.Release|Any CPU.ActiveCfg = Release|Any CPU
		{8C48EFD9-A6F0-4175-9B46-C33BE4AB1EBA}.Release|Any CPU.Build.0 = Release|Any CPU
	EndGlobalSection
	GlobalSection(SolutionProperties) = preSolution
		HideSolutionNode = FALSE
	EndGlobalSection
	GlobalSection(ExtensibilityGlobals) = postSolution
		SolutionGuid = {B5DC8ECB-CA6F-404C-ACD2-C87CE4EA5405}
	EndGlobalSection
EndGlobal
